// !$*UTF8*$!
{
	archiveVersion = 1;
	classes = {
	};
	objectVersion = 46;
	objects = {

/* Begin PBXBuildFile section */
		CBE06C0517F2425800946338 /* UIKit.framework in Frameworks */ = {isa = PBXBuildFile; fileRef = CBE06C0417F2425800946338 /* UIKit.framework */; };
		CBE06C0717F2425800946338 /* Foundation.framework in Frameworks */ = {isa = PBXBuildFile; fileRef = CBE06C0617F2425800946338 /* Foundation.framework */; };
		CBE06C0917F2425800946338 /* CoreGraphics.framework in Frameworks */ = {isa = PBXBuildFile; fileRef = CBE06C0817F2425800946338 /* CoreGraphics.framework */; };
		CBE06C0F17F2425800946338 /* InfoPlist.strings in Resources */ = {isa = PBXBuildFile; fileRef = CBE06C0D17F2425800946338 /* InfoPlist.strings */; };
		CBE06C1117F2425800946338 /* main.m in Sources */ = {isa = PBXBuildFile; fileRef = CBE06C1017F2425800946338 /* main.m */; };
		CBE06C1517F2425800946338 /* AppDelegate.m in Sources */ = {isa = PBXBuildFile; fileRef = CBE06C1417F2425800946338 /* AppDelegate.m */; };
		CBE06C1717F2425800946338 /* Default.png in Resources */ = {isa = PBXBuildFile; fileRef = CBE06C1617F2425800946338 /* Default.png */; };
		CBE06C1917F2425800946338 /* Default@2x.png in Resources */ = {isa = PBXBuildFile; fileRef = CBE06C1817F2425800946338 /* Default@2x.png */; };
		CBE06C1B17F2425800946338 /* Default-568h@2x.png in Resources */ = {isa = PBXBuildFile; fileRef = CBE06C1A17F2425800946338 /* Default-568h@2x.png */; };
		CBE06C1E17F2425800946338 /* MainStoryboard.storyboard in Resources */ = {isa = PBXBuildFile; fileRef = CBE06C1C17F2425800946338 /* MainStoryboard.storyboard */; };
		CBE06C2117F2425800946338 /* ViewController.m in Sources */ = {isa = PBXBuildFile; fileRef = CBE06C2017F2425800946338 /* ViewController.m */; };
		CBE06C2917F2466700946338 /* Square.m in Sources */ = {isa = PBXBuildFile; fileRef = CBE06C2817F2466700946338 /* Square.m */; };
		CBE06C2F17F261AE00946338 /* UIView+UIView_WhereAmI.m in Sources */ = {isa = PBXBuildFile; fileRef = CBE06C2E17F261AE00946338 /* UIView+UIView_WhereAmI.m */; };
/* End PBXBuildFile section */

/* Begin PBXFileReference section */
		CBE06C0117F2425800946338 /* PCDemo.app */ = {isa = PBXFileReference; explicitFileType = wrapper.application; includeInIndex = 0; path = PCDemo.app; sourceTree = BUILT_PRODUCTS_DIR; };
		CBE06C0417F2425800946338 /* UIKit.framework */ = {isa = PBXFileReference; lastKnownFileType = wrapper.framework; name = UIKit.framework; path = System/Library/Frameworks/UIKit.framework; sourceTree = SDKROOT; };
		CBE06C0617F2425800946338 /* Foundation.framework */ = {isa = PBXFileReference; lastKnownFileType = wrapper.framework; name = Foundation.framework; path = System/Library/Frameworks/Foundation.framework; sourceTree = SDKROOT; };
		CBE06C0817F2425800946338 /* CoreGraphics.framework */ = {isa = PBXFileReference; lastKnownFileType = wrapper.framework; name = CoreGraphics.framework; path = System/Library/Frameworks/CoreGraphics.framework; sourceTree = SDKROOT; };
		CBE06C0C17F2425800946338 /* PCDemo-Info.plist */ = {isa = PBXFileReference; lastKnownFileType = text.plist.xml; path = "PCDemo-Info.plist"; sourceTree = "<group>"; };
		CBE06C0E17F2425800946338 /* en */ = {isa = PBXFileReference; lastKnownFileType = text.plist.strings; name = en; path = en.lproj/InfoPlist.strings; sourceTree = "<group>"; };
		CBE06C1017F2425800946338 /* main.m */ = {isa = PBXFileReference; lastKnownFileType = sourcecode.c.objc; path = main.m; sourceTree = "<group>"; };
		CBE06C1217F2425800946338 /* PCDemo-Prefix.pch */ = {isa = PBXFileReference; lastKnownFileType = sourcecode.c.h; path = "PCDemo-Prefix.pch"; sourceTree = "<group>"; };
		CBE06C1317F2425800946338 /* AppDelegate.h */ = {isa = PBXFileReference; lastKnownFileType = sourcecode.c.h; path = AppDelegate.h; sourceTree = "<group>"; };
		CBE06C1417F2425800946338 /* AppDelegate.m */ = {isa = PBXFileReference; lastKnownFileType = sourcecode.c.objc; path = AppDelegate.m; sourceTree = "<group>"; };
		CBE06C1617F2425800946338 /* Default.png */ = {isa = PBXFileReference; lastKnownFileType = image.png; path = Default.png; sourceTree = "<group>"; };
		CBE06C1817F2425800946338 /* Default@2x.png */ = {isa = PBXFileReference; lastKnownFileType = image.png; path = "Default@2x.png"; sourceTree = "<group>"; };
		CBE06C1A17F2425800946338 /* Default-568h@2x.png */ = {isa = PBXFileReference; lastKnownFileType = image.png; path = "Default-568h@2x.png"; sourceTree = "<group>"; };
		CBE06C1D17F2425800946338 /* en */ = {isa = PBXFileReference; lastKnownFileType = file.storyboard; name = en; path = en.lproj/MainStoryboard.storyboard; sourceTree = "<group>"; };
		CBE06C1F17F2425800946338 /* ViewController.h */ = {isa = PBXFileReference; lastKnownFileType = sourcecode.c.h; path = ViewController.h; sourceTree = "<group>"; };
		CBE06C2017F2425800946338 /* ViewController.m */ = {isa = PBXFileReference; lastKnownFileType = sourcecode.c.objc; path = ViewController.m; sourceTree = "<group>"; };
		CBE06C2717F2466700946338 /* Square.h */ = {isa = PBXFileReference; fileEncoding = 4; lastKnownFileType = sourcecode.c.h; path = Square.h; sourceTree = "<group>"; };
		CBE06C2817F2466700946338 /* Square.m */ = {isa = PBXFileReference; fileEncoding = 4; lastKnownFileType = sourcecode.c.objc; path = Square.m; sourceTree = "<group>"; };
		CBE06C2D17F261AE00946338 /* UIView+UIView_WhereAmI.h */ = {isa = PBXFileReference; fileEncoding = 4; lastKnownFileType = sourcecode.c.h; path = "UIView+UIView_WhereAmI.h"; sourceTree = "<group>"; };
		CBE06C2E17F261AE00946338 /* UIView+UIView_WhereAmI.m */ = {isa = PBXFileReference; fileEncoding = 4; lastKnownFileType = sourcecode.c.objc; path = "UIView+UIView_WhereAmI.m"; sourceTree = "<group>"; };
/* End PBXFileReference section */

/* Begin PBXFrameworksBuildPhase section */
		CBE06BFE17F2425800946338 /* Frameworks */ = {
			isa = PBXFrameworksBuildPhase;
			buildActionMask = 2147483647;
			files = (
				CBE06C0517F2425800946338 /* UIKit.framework in Frameworks */,
				CBE06C0717F2425800946338 /* Foundation.framework in Frameworks */,
				CBE06C0917F2425800946338 /* CoreGraphics.framework in Frameworks */,
			);
			runOnlyForDeploymentPostprocessing = 0;
		};
/* End PBXFrameworksBuildPhase section */

/* Begin PBXGroup section */
		CBE06BF817F2425800946338 = {
			isa = PBXGroup;
			children = (
				CBE06C0A17F2425800946338 /* PCDemo */,
				CBE06C0317F2425800946338 /* Frameworks */,
				CBE06C0217F2425800946338 /* Products */,
			);
			sourceTree = "<group>";
		};
		CBE06C0217F2425800946338 /* Products */ = {
			isa = PBXGroup;
			children = (
				CBE06C0117F2425800946338 /* PCDemo.app */,
			);
			name = Products;
			sourceTree = "<group>";
		};
		CBE06C0317F2425800946338 /* Frameworks */ = {
			isa = PBXGroup;
			children = (
				CBE06C0417F2425800946338 /* UIKit.framework */,
				CBE06C0617F2425800946338 /* Foundation.framework */,
				CBE06C0817F2425800946338 /* CoreGraphics.framework */,
			);
			name = Frameworks;
			sourceTree = "<group>";
		};
		CBE06C0A17F2425800946338 /* PCDemo */ = {
			isa = PBXGroup;
			children = (
				CBE06C1317F2425800946338 /* AppDelegate.h */,
				CBE06C1417F2425800946338 /* AppDelegate.m */,
				CBE06C1C17F2425800946338 /* MainStoryboard.storyboard */,
				CBE06C1F17F2425800946338 /* ViewController.h */,
				CBE06C2017F2425800946338 /* ViewController.m */,
				CBE06C2717F2466700946338 /* Square.h */,
				CBE06C2817F2466700946338 /* Square.m */,
				CBE06C2D17F261AE00946338 /* UIView+UIView_WhereAmI.h */,
				CBE06C2E17F261AE00946338 /* UIView+UIView_WhereAmI.m */,
				CBE06C0B17F2425800946338 /* Supporting Files */,
			);
			path = PCDemo;
			sourceTree = "<group>";
		};
		CBE06C0B17F2425800946338 /* Supporting Files */ = {
			isa = PBXGroup;
			children = (
				CBE06C0C17F2425800946338 /* PCDemo-Info.plist */,
				CBE06C0D17F2425800946338 /* InfoPlist.strings */,
				CBE06C1017F2425800946338 /* main.m */,
				CBE06C1217F2425800946338 /* PCDemo-Prefix.pch */,
				CBE06C1617F2425800946338 /* Default.png */,
				CBE06C1817F2425800946338 /* Default@2x.png */,
				CBE06C1A17F2425800946338 /* Default-568h@2x.png */,
			);
			name = "Supporting Files";
			sourceTree = "<group>";
		};
/* End PBXGroup section */

/* Begin PBXNativeTarget section */
		CBE06C0017F2425800946338 /* PCDemo */ = {
			isa = PBXNativeTarget;
			buildConfigurationList = CBE06C2417F2425800946338 /* Build configuration list for PBXNativeTarget "PCDemo" */;
			buildPhases = (
				CBE06BFD17F2425800946338 /* Sources */,
				CBE06BFE17F2425800946338 /* Frameworks */,
				CBE06BFF17F2425800946338 /* Resources */,
			);
			buildRules = (
			);
			dependencies = (
			);
			name = PCDemo;
			productName = PCDemo;
			productReference = CBE06C0117F2425800946338 /* PCDemo.app */;
			productType = "com.apple.product-type.application";
		};
/* End PBXNativeTarget section */

/* Begin PBXProject section */
		CBE06BF917F2425800946338 /* Project object */ = {
			isa = PBXProject;
			attributes = {
				LastUpgradeCheck = 0460;
				ORGANIZATIONNAME = "Henry AT";
			};
			buildConfigurationList = CBE06BFC17F2425800946338 /* Build configuration list for PBXProject "PCDemo" */;
			compatibilityVersion = "Xcode 3.2";
			developmentRegion = English;
			hasScannedForEncodings = 0;
			knownRegions = (
				en,
			);
			mainGroup = CBE06BF817F2425800946338;
			productRefGroup = CBE06C0217F2425800946338 /* Products */;
			projectDirPath = "";
			projectRoot = "";
			targets = (
				CBE06C0017F2425800946338 /* PCDemo */,
			);
		};
/* End PBXProject section */

/* Begin PBXResourcesBuildPhase section */
		CBE06BFF17F2425800946338 /* Resources */ = {
			isa = PBXResourcesBuildPhase;
			buildActionMask = 2147483647;
			files = (
				CBE06C0F17F2425800946338 /* InfoPlist.strings in Resources */,
				CBE06C1717F2425800946338 /* Default.png in Resources */,
				CBE06C1917F2425800946338 /* Default@2x.png in Resources */,
				CBE06C1B17F2425800946338 /* Default-568h@2x.png in Resources */,
				CBE06C1E17F2425800946338 /* MainStoryboard.storyboard in Resources */,
			);
			runOnlyForDeploymentPostprocessing = 0;
		};
/* End PBXResourcesBuildPhase section */

/* Begin PBXSourcesBuildPhase section */
		CBE06BFD17F2425800946338 /* Sources */ = {
			isa = PBXSourcesBuildPhase;
			buildActionMask = 2147483647;
			files = (
				CBE06C1117F2425800946338 /* main.m in Sources */,
				CBE06C1517F2425800946338 /* AppDelegate.m in Sources */,
				CBE06C2117F2425800946338 /* ViewController.m in Sources */,
				CBE06C2917F2466700946338 /* Square.m in Sources */,
				CBE06C2F17F261AE00946338 /* UIView+UIView_WhereAmI.m in Sources */,
			);
			runOnlyForDeploymentPostprocessing = 0;
		};
/* End PBXSourcesBuildPhase section */

/* Begin PBXVariantGroup section */
		CBE06C0D17F2425800946338 /* InfoPlist.strings */ = {
			isa = PBXVariantGroup;
			children = (
				CBE06C0E17F2425800946338 /* en */,
			);
			name = InfoPlist.strings;
			sourceTree = "<group>";
		};
		CBE06C1C17F2425800946338 /* MainStoryboard.storyboard */ = {
			isa = PBXVariantGroup;
			children = (
				CBE06C1D17F2425800946338 /* en */,
			);
			name = MainStoryboard.storyboard;
			sourceTree = "<group>";
		};
/* End PBXVariantGroup section */

/* Begin XCBuildConfiguration section */
		CBE06C2217F2425800946338 /* Debug */ = {
			isa = XCBuildConfiguration;
			buildSettings = {
				ALWAYS_SEARCH_USER_PATHS = NO;
				CLANG_CXX_LANGUAGE_STANDARD = "gnu++0x";
				CLANG_CXX_LIBRARY = "libc++";
				CLANG_ENABLE_OBJC_ARC = YES;
				CLANG_WARN_CONSTANT_CONVERSION = YES;
				CLANG_WARN_EMPTY_BODY = YES;
				CLANG_WARN_ENUM_CONVERSION = YES;
				CLANG_WARN_INT_CONVERSION = YES;
				CLANG_WARN__DUPLICATE_METHOD_MATCH = YES;
				"CODE_SIGN_IDENTITY[sdk=iphoneos*]" = "iPhone Developer";
				COPY_PHASE_STRIP = NO;
				GCC_C_LANGUAGE_STANDARD = gnu99;
				GCC_DYNAMIC_NO_PIC = NO;
				GCC_OPTIMIZATION_LEVEL = 0;
				GCC_PREPROCESSOR_DEFINITIONS = (
					"DEBUG=1",
					"$(inherited)",
				);
				GCC_SYMBOLS_PRIVATE_EXTERN = NO;
				GCC_WARN_ABOUT_RETURN_TYPE = YES;
				GCC_WARN_UNINITIALIZED_AUTOS = YES;
				GCC_WARN_UNUSED_VARIABLE = YES;
				IPHONEOS_DEPLOYMENT_TARGET = 5.1;
				ONLY_ACTIVE_ARCH = YES;
				SDKROOT = iphoneos;
			};
			name = Debug;
		};
		CBE06C2317F2425800946338 /* Release */ = {
			isa = XCBuildConfiguration;
			buildSettings = {
				ALWAYS_SEARCH_USER_PATHS = NO;
				CLANG_CXX_LANGUAGE_STANDARD = "gnu++0x";
				CLANG_CXX_LIBRARY = "libc++";
				CLANG_ENABLE_OBJC_ARC = YES;
				CLANG_WARN_CONSTANT_CONVERSION = YES;
				CLANG_WARN_EMPTY_BODY = YES;
				CLANG_WARN_ENUM_CONVERSION = YES;
				CLANG_WARN_INT_CONVERSION = YES;
				CLANG_WARN__DUPLICATE_METHOD_MATCH = YES;
				"CODE_SIGN_IDENTITY[sdk=iphoneos*]" = "iPhone Developer";
				COPY_PHASE_STRIP = YES;
				GCC_C_LANGUAGE_STANDARD = gnu99;
				GCC_WARN_ABOUT_RETURN_TYPE = YES;
				GCC_WARN_UNINITIALIZED_AUTOS = YES;
				GCC_WARN_UNUSED_VARIABLE = YES;
				IPHONEOS_DEPLOYMENT_TARGET = 5.1;
				OTHER_CFLAGS = "-DNS_BLOCK_ASSERTIONS=1";
				SDKROOT = iphoneos;
				VALIDATE_PRODUCT = YES;
			};
			name = Release;
		};
		CBE06C2517F2425800946338 /* Debug */ = {
			isa = XCBuildConfiguration;
			buildSettings = {
				GCC_PRECOMPILE_PREFIX_HEADER = YES;
				GCC_PREFIX_HEADER = "PCDemo/PCDemo-Prefix.pch";
				INFOPLIST_FILE = "PCDemo/PCDemo-Info.plist";
				PRODUCT_NAME = "$(TARGET_NAME)";
				WRAPPER_EXTENSION = app;
			};
			name = Debug;
		};
		CBE06C2617F2425800946338 /* Release */ = {
			isa = XCBuildConfiguration;
			buildSettings = {
				GCC_PRECOMPILE_PREFIX_HEADER = YES;
				GCC_PREFIX_HEADER = "PCDemo/PCDemo-Prefix.pch";
				INFOPLIST_FILE = "PCDemo/PCDemo-Info.plist";
				PRODUCT_NAME = "$(TARGET_NAME)";
				WRAPPER_EXTENSION = app;
			};
			name = Release;
		};
/* End XCBuildConfiguration section */

/* Begin XCConfigurationList section */
		CBE06BFC17F2425800946338 /* Build configuration list for PBXProject "PCDemo" */ = {
			isa = XCConfigurationList;
			buildConfigurations = (
				CBE06C2217F2425800946338 /* Debug */,
				CBE06C2317F2425800946338 /* Release */,
			);
			defaultConfigurationIsVisible = 0;
			defaultConfigurationName = Release;
		};
		CBE06C2417F2425800946338 /* Build configuration list for PBXNativeTarget "PCDemo" */ = {
			isa = XCConfigurationList;
			buildConfigurations = (
				CBE06C2517F2425800946338 /* Debug */,
				CBE06C2617F2425800946338 /* Release */,
			);
			defaultConfigurationIsVisible = 0;
		};
/* End XCConfigurationList section */
	};
	rootObject = CBE06BF917F2425800946338 /* Project object */;
}
